
Microsoft Visual Studio Solution File, Format Version 12.00
Project("{FAE04EC0-301F-11D3-BF4B-00C04F79EFBC}") = "Snake", "Snake\Snake.csproj", "{AF94E8EA-7185-49C4-82B6-9D1C4C874639}"
EndProject
Global
	GlobalSection(SolutionConfigurationPlatforms) = preSolution
		Debug|Any CPU = Debug|Any CPU
		Release|Any CPU = Release|Any CPU
	EndGlobalSection
	GlobalSection(ProjectConfigurationPlatforms) = postSolution
		{AF94E8EA-7185-49C4-82B6-9D1C4C874639}.Debug|Any CPU.ActiveCfg = Debug|Any CPU
		{AF94E8EA-7185-49C4-82B6-9D1C4C874639}.Debug|Any CPU.Build.0 = Debug|Any CPU
		{AF94E8EA-7185-49C4-82B6-9D1C4C874639}.Release|Any CPU.ActiveCfg = Release|Any CPU
		{AF94E8EA-7185-49C4-82B6-9D1C4C874639}.Release|Any CPU.Build.0 = Release|Any CPU
	EndGlobalSection
EndGlobal
